
Microsoft Visual Studio Solution File, Format Version 12.00
# Visual Studio Version 16
VisualStudioVersion = 16.0.34601.136
MinimumVisualStudioVersion = 10.0.40219.1
Project("{8BC9CEB8-8B4A-11D0-8D11-00A0C91BC942}") = "正式上课代码", "正式上课代码\正式上课代码.vcxproj", "{2688A0FC-263B-40BB-A6F8-9B580E831EC8}"
EndProject
Project("{8BC9CEB8-8B4A-11D0-8D11-00A0C91BC942}") = "第四章表达式", "第四章表达式\第四章表达式.vcxproj", "{A064DB2F-D0AB-4B97-958F-9E78F0C317F0}"
EndProject
Project("{8BC9CEB8-8B4A-11D0-8D11-00A0C91BC942}") = "第六章数组", "第六章数组\第六章数组.vcxproj", "{7ECED410-0101-4507-A042-470F1D75B800}"
EndProject
Project("{8BC9CEB8-8B4A-11D0-8D11-00A0C91BC942}") = "6数组打印表格", "第七章函数\第七章函数.vcxproj", "{208A6A72-8C5F-4FD0-AD13-417E89ECD641}"
EndProject
Project("{8BC9CEB8-8B4A-11D0-8D11-00A0C91BC942}") = "6数组随机发牌", "7函数随机发牌\7函数随机发牌.vcxproj", "{4FCEA68E-A994-4724-966C-ECE97BC07A40}"
EndProject
Project("{8BC9CEB8-8B4A-11D0-8D11-00A0C91BC942}") = "7函数掷骰子游戏", "7函数掷骰子游戏\7函数掷骰子游戏.vcxproj", "{423DA127-B13A-4F64-A39C-0B659285A91E}"
EndProject
Project("{8BC9CEB8-8B4A-11D0-8D11-00A0C91BC942}") = "7函数汉诺塔", "7函数汉诺塔\7函数汉诺塔.vcxproj", "{B93DE300-42BA-471F-8F48-CAFFB9F445C5}"
EndProject
Project("{8BC9CEB8-8B4A-11D0-8D11-00A0C91BC942}") = "4表达式判断奇数", "4表达式判断奇数\4表达式判断奇数.vcxproj", "{03A774C0-C90A-4E30-937E-E4019BA9CF5A}"
EndProject
Project("{8BC9CEB8-8B4A-11D0-8D11-00A0C91BC942}") = "7函数约瑟夫环", "7函数约瑟夫环\7函数约瑟夫环.vcxproj", "{B409D302-A48C-4C32-A619-0A4053152F9C}"
EndProject
Project("{8BC9CEB8-8B4A-11D0-8D11-00A0C91BC942}") = "7函数找数组最大二大元素", "7函数找数组最大二大元素\7函数找数组最大二大元素.vcxproj", "{ABEF8D6D-7271-4E0E-A4FE-9CCD5DC4A37F}"
EndProject
Project("{8BC9CEB8-8B4A-11D0-8D11-00A0C91BC942}") = "7函数分割时间", "7函数分割时间\7函数分割时间.vcxproj", "{4F3DAE0B-AB17-4715-BC13-87C1F4FA0E7B}"
EndProject
Project("{8BC9CEB8-8B4A-11D0-8D11-00A0C91BC942}") = "9指针与数组德州扑克", "9指针与数组德州扑克\9指针与数组德州扑克.vcxproj", "{F0C42EF5-8829-4F44-B61E-329237E5526F}"
EndProject
Project("{2150E333-8FDC-42A3-9474-1A3956D46DE8}") = "Solution Items", "Solution Items", "{7645AEF4-BA02-4564-A2A0-C7ADE35D66B1}"
	ProjectSection(SolutionItems) = preProject
		.editorconfig = .editorconfig
	EndProjectSection
EndProject
Project("{8BC9CEB8-8B4A-11D0-8D11-00A0C91BC942}") = "9指针与数组逆序打印", "9指针与数组逆序打印\9指针与数组逆序打印.vcxproj", "{BC2992CE-DE68-4400-BB91-4E2EDE4BBA7E}"
EndProject
Project("{8BC9CEB8-8B4A-11D0-8D11-00A0C91BC942}") = "9函数与数组判断回文", "9函数与指针判断回文\9函数与指针判断回文.vcxproj", "{3BEE23E5-6449-4A83-8AD8-63478B3003C6}"
EndProject
Project("{8BC9CEB8-8B4A-11D0-8D11-00A0C91BC942}") = "10字符串搜索字符串末尾惯用法", "10字符串搜索字符串末尾惯用法\10字符串搜索字符串末尾惯用法.vcxproj", "{A1F19D5F-0A4E-4720-A848-2A448234B742}"
EndProject
Project("{8BC9CEB8-8B4A-11D0-8D11-00A0C91BC942}") = "10字符串最小最大单词", "10字符串最小最大单词\10字符串最小最大单词.vcxproj", "{35158B9D-69C8-4FE8-9F2D-E5C6827388CB}"
EndProject
Project("{8BC9CEB8-8B4A-11D0-8D11-00A0C91BC942}") = "10字符串命令行参数", "10字符串命令行参数\10字符串命令行参数.vcxproj", "{D8066F9A-22D1-471D-8B29-32D520C9DEFF}"
EndProject
Project("{8BC9CEB8-8B4A-11D0-8D11-00A0C91BC942}") = "11结构体内存布局", "11结构体内存布局\11结构体内存布局.vcxproj", "{789DF2BB-8A1D-4B32-8413-E56DF09BD483}"
EndProject
Project("{8BC9CEB8-8B4A-11D0-8D11-00A0C91BC942}") = "11结构体学生信息处理", "11结构体学生信息处理\11结构体学生信息处理.vcxproj", "{CCB4307A-4D4F-45E8-BE97-780A1495B590}"
EndProject
Project("{8BC9CEB8-8B4A-11D0-8D11-00A0C91BC942}") = "12指针的高级应用_动态数组的自动扩容", "12指针的高级应用_动态数组的自动扩容\12指针的高级应用_动态数组的自动扩容.vcxproj", "{47397DF4-F32D-445D-9F4C-52E2EBA340E8}"
EndProject
Project("{8BC9CEB8-8B4A-11D0-8D11-00A0C91BC942}") = "12指针的高级应用_链表的实现", "12指针的高级应用_链表的实现\12指针的高级应用_链表的实现.vcxproj", "{7DAB5734-BAA2-45D3-9838-FF73E4913C5E}"
EndProject
Project("{8BC9CEB8-8B4A-11D0-8D11-00A0C91BC942}") = "12指针的高级应用_qsort", "12指针的高级应用_qsort\12指针的高级应用_qsort.vcxproj", "{33B7BCF5-4ADC-463D-9BDE-C8A3728A343B}"
EndProject
Project("{8BC9CEB8-8B4A-11D0-8D11-00A0C91BC942}") = "13数据结构_单链表的实现(重要)", "13数据结构_单链表的实现\13数据结构_单链表的实现.vcxproj", "{4C80C81A-7642-4DBA-8B17-5EAC5ED33C84}"
EndProject
Project("{8BC9CEB8-8B4A-11D0-8D11-00A0C91BC942}") = "13数据结构_用链表实现栈", "13数据结构_用链表实现栈\13数据结构_用链表实现栈.vcxproj", "{A713A742-DBFF-47FD-8C0E-261281849607}"
EndProject
Project("{8BC9CEB8-8B4A-11D0-8D11-00A0C91BC942}") = "13数据结构_用循环数组实现队列", "13数据结构_用循环数组实现队列\13数据结构_用循环数组实现队列.vcxproj", "{04E80E21-6407-41BA-ABE2-B96E13587BB5}"
EndProject
Project("{8BC9CEB8-8B4A-11D0-8D11-00A0C91BC942}") = "13数据结构_哈希表动态扩容", "13数据结构_哈希表\13数据结构_哈希表.vcxproj", "{E169761B-DC40-4525-B652-E6F17126F735}"
EndProject
Project("{8BC9CEB8-8B4A-11D0-8D11-00A0C91BC942}") = "13数据结构_用动态数组实现位图", "13数据结构_用动态数组实现位图\13数据结构_用动态数组实现位图.vcxproj", "{7B60C394-63D3-4BE1-9C32-42D939058C4F}"
EndProject
Project("{8BC9CEB8-8B4A-11D0-8D11-00A0C91BC942}") = "13数据结构_字符串去重并排序", "13数据结构_字符串去重并排序\13数据结构_字符串去重并排序.vcxproj", "{6393CD16-6E92-4FC4-BC34-4D76355BF774}"
EndProject
Project("{8BC9CEB8-8B4A-11D0-8D11-00A0C91BC942}") = "13排序", "13排序\13排序.vcxproj", "{62E304E4-CE3B-4B5C-8C9F-E396767DE460}"
EndProject
Project("{8BC9CEB8-8B4A-11D0-8D11-00A0C91BC942}") = "12数据结构_BST", "12数据结构_BST\12数据结构_BST.vcxproj", "{BBAEB5A7-BD17-44D1-BD85-1CE3E0BEEB61}"
EndProject
Project("{8BC9CEB8-8B4A-11D0-8D11-00A0C91BC942}") = "13_二分查找及变种", "13_二分查找及变种\13_二分查找及变种.vcxproj", "{5F449546-A0CA-43FA-BAF7-3C2FC25E43B1}"
EndProject
Global
	GlobalSection(SolutionConfigurationPlatforms) = preSolution
		Debug|x64 = Debug|x64
		Debug|x86 = Debug|x86
		Release|x64 = Release|x64
		Release|x86 = Release|x86
	EndGlobalSection
	GlobalSection(ProjectConfigurationPlatforms) = postSolution
		{2688A0FC-263B-40BB-A6F8-9B580E831EC8}.Debug|x64.ActiveCfg = Debug|x64
		{2688A0FC-263B-40BB-A6F8-9B580E831EC8}.Debug|x64.Build.0 = Debug|x64
		{2688A0FC-263B-40BB-A6F8-9B580E831EC8}.Debug|x86.ActiveCfg = Debug|Win32
		{2688A0FC-263B-40BB-A6F8-9B580E831EC8}.Debug|x86.Build.0 = Debug|Win32
		{2688A0FC-263B-40BB-A6F8-9B580E831EC8}.Release|x64.ActiveCfg = Release|x64
		{2688A0FC-263B-40BB-A6F8-9B580E831EC8}.Release|x64.Build.0 = Release|x64
		{2688A0FC-263B-40BB-A6F8-9B580E831EC8}.Release|x86.ActiveCfg = Release|Win32
		{2688A0FC-263B-40BB-A6F8-9B580E831EC8}.Release|x86.Build.0 = Release|Win32
		{A064DB2F-D0AB-4B97-958F-9E78F0C317F0}.Debug|x64.ActiveCfg = Debug|x64
		{A064DB2F-D0AB-4B97-958F-9E78F0C317F0}.Debug|x64.Build.0 = Debug|x64
		{A064DB2F-D0AB-4B97-958F-9E78F0C317F0}.Debug|x86.ActiveCfg = Debug|Win32
		{A064DB2F-D0AB-4B97-958F-9E78F0C317F0}.Debug|x86.Build.0 = Debug|Win32
		{A064DB2F-D0AB-4B97-958F-9E78F0C317F0}.Release|x64.ActiveCfg = Release|x64
		{A064DB2F-D0AB-4B97-958F-9E78F0C317F0}.Release|x64.Build.0 = Release|x64
		{A064DB2F-D0AB-4B97-958F-9E78F0C317F0}.Release|x86.ActiveCfg = Release|Win32
		{A064DB2F-D0AB-4B97-958F-9E78F0C317F0}.Release|x86.Build.0 = Release|Win32
		{7ECED410-0101-4507-A042-470F1D75B800}.Debug|x64.ActiveCfg = Debug|x64
		{7ECED410-0101-4507-A042-470F1D75B800}.Debug|x64.Build.0 = Debug|x64
		{7ECED410-0101-4507-A042-470F1D75B800}.Debug|x86.ActiveCfg = Debug|Win32
		{7ECED410-0101-4507-A042-470F1D75B800}.Debug|x86.Build.0 = Debug|Win32
		{7ECED410-0101-4507-A042-470F1D75B800}.Release|x64.ActiveCfg = Release|x64
		{7ECED410-0101-4507-A042-470F1D75B800}.Release|x64.Build.0 = Release|x64
		{7ECED410-0101-4507-A042-470F1D75B800}.Release|x86.ActiveCfg = Release|Win32
		{7ECED410-0101-4507-A042-470F1D75B800}.Release|x86.Build.0 = Release|Win32
		{208A6A72-8C5F-4FD0-AD13-417E89ECD641}.Debug|x64.ActiveCfg = Debug|x64
		{208A6A72-8C5F-4FD0-AD13-417E89ECD641}.Debug|x64.Build.0 = Debug|x64
		{208A6A72-8C5F-4FD0-AD13-417E89ECD641}.Debug|x86.ActiveCfg = Debug|Win32
		{208A6A72-8C5F-4FD0-AD13-417E89ECD641}.Debug|x86.Build.0 = Debug|Win32
		{208A6A72-8C5F-4FD0-AD13-417E89ECD641}.Release|x64.ActiveCfg = Release|x64
		{208A6A72-8C5F-4FD0-AD13-417E89ECD641}.Release|x64.Build.0 = Release|x64
		{208A6A72-8C5F-4FD0-AD13-417E89ECD641}.Release|x86.ActiveCfg = Release|Win32
		{208A6A72-8C5F-4FD0-AD13-417E89ECD641}.Release|x86.Build.0 = Release|Win32
		{4FCEA68E-A994-4724-966C-ECE97BC07A40}.Debug|x64.ActiveCfg = Debug|x64
		{4FCEA68E-A994-4724-966C-ECE97BC07A40}.Debug|x64.Build.0 = Debug|x64
		{4FCEA68E-A994-4724-966C-ECE97BC07A40}.Debug|x86.ActiveCfg = Debug|Win32
		{4FCEA68E-A994-4724-966C-ECE97BC07A40}.Debug|x86.Build.0 = Debug|Win32
		{4FCEA68E-A994-4724-966C-ECE97BC07A40}.Release|x64.ActiveCfg = Release|x64
		{4FCEA68E-A994-4724-966C-ECE97BC07A40}.Release|x64.Build.0 = Release|x64
		{4FCEA68E-A994-4724-966C-ECE97BC07A40}.Release|x86.ActiveCfg = Release|Win32
		{4FCEA68E-A994-4724-966C-ECE97BC07A40}.Release|x86.Build.0 = Release|Win32
		{423DA127-B13A-4F64-A39C-0B659285A91E}.Debug|x64.ActiveCfg = Debug|x64
		{423DA127-B13A-4F64-A39C-0B659285A91E}.Debug|x64.Build.0 = Debug|x64
		{423DA127-B13A-4F64-A39C-0B659285A91E}.Debug|x86.ActiveCfg = Debug|Win32
		{423DA127-B13A-4F64-A39C-0B659285A91E}.Debug|x86.Build.0 = Debug|Win32
		{423DA127-B13A-4F64-A39C-0B659285A91E}.Release|x64.ActiveCfg = Release|x64
		{423DA127-B13A-4F64-A39C-0B659285A91E}.Release|x64.Build.0 = Release|x64
		{423DA127-B13A-4F64-A39C-0B659285A91E}.Release|x86.ActiveCfg = Release|Win32
		{423DA127-B13A-4F64-A39C-0B659285A91E}.Release|x86.Build.0 = Release|Win32
		{B93DE300-42BA-471F-8F48-CAFFB9F445C5}.Debug|x64.ActiveCfg = Debug|x64
		{B93DE300-42BA-471F-8F48-CAFFB9F445C5}.Debug|x64.Build.0 = Debug|x64
		{B93DE300-42BA-471F-8F48-CAFFB9F445C5}.Debug|x86.ActiveCfg = Debug|Win32
		{B93DE300-42BA-471F-8F48-CAFFB9F445C5}.Debug|x86.Build.0 = Debug|Win32
		{B93DE300-42BA-471F-8F48-CAFFB9F445C5}.Release|x64.ActiveCfg = Release|x64
		{B93DE300-42BA-471F-8F48-CAFFB9F445C5}.Release|x64.Build.0 = Release|x64
		{B93DE300-42BA-471F-8F48-CAFFB9F445C5}.Release|x86.ActiveCfg = Release|Win32
		{B93DE300-42BA-471F-8F48-CAFFB9F445C5}.Release|x86.Build.0 = Release|Win32
		{03A774C0-C90A-4E30-937E-E4019BA9CF5A}.Debug|x64.ActiveCfg = Debug|x64
		{03A774C0-C90A-4E30-937E-E4019BA9CF5A}.Debug|x64.Build.0 = Debug|x64
		{03A774C0-C90A-4E30-937E-E4019BA9CF5A}.Debug|x86.ActiveCfg = Debug|Win32
		{03A774C0-C90A-4E30-937E-E4019BA9CF5A}.Debug|x86.Build.0 = Debug|Win32
		{03A774C0-C90A-4E30-937E-E4019BA9CF5A}.Release|x64.ActiveCfg = Release|x64
		{03A774C0-C90A-4E30-937E-E4019BA9CF5A}.Release|x64.Build.0 = Release|x64
		{03A774C0-C90A-4E30-937E-E4019BA9CF5A}.Release|x86.ActiveCfg = Release|Win32
		{03A774C0-C90A-4E30-937E-E4019BA9CF5A}.Release|x86.Build.0 = Release|Win32
		{B409D302-A48C-4C32-A619-0A4053152F9C}.Debug|x64.ActiveCfg = Debug|x64
		{B409D302-A48C-4C32-A619-0A4053152F9C}.Debug|x64.Build.0 = Debug|x64
		{B409D302-A48C-4C32-A619-0A4053152F9C}.Debug|x86.ActiveCfg = Debug|Win32
		{B409D302-A48C-4C32-A619-0A4053152F9C}.Debug|x86.Build.0 = Debug|Win32
		{B409D302-A48C-4C32-A619-0A4053152F9C}.Release|x64.ActiveCfg = Release|x64
		{B409D302-A48C-4C32-A619-0A4053152F9C}.Release|x64.Build.0 = Release|x64
		{B409D302-A48C-4C32-A619-0A4053152F9C}.Release|x86.ActiveCfg = Release|Win32
		{B409D302-A48C-4C32-A619-0A4053152F9C}.Release|x86.Build.0 = Release|Win32
		{ABEF8D6D-7271-4E0E-A4FE-9CCD5DC4A37F}.Debug|x64.ActiveCfg = Debug|x64
		{ABEF8D6D-7271-4E0E-A4FE-9CCD5DC4A37F}.Debug|x64.Build.0 = Debug|x64
		{ABEF8D6D-7271-4E0E-A4FE-9CCD5DC4A37F}.Debug|x86.ActiveCfg = Debug|Win32
		{ABEF8D6D-7271-4E0E-A4FE-9CCD5DC4A37F}.Debug|x86.Build.0 = Debug|Win32
		{ABEF8D6D-7271-4E0E-A4FE-9CCD5DC4A37F}.Release|x64.ActiveCfg = Release|x64
		{ABEF8D6D-7271-4E0E-A4FE-9CCD5DC4A37F}.Release|x64.Build.0 = Release|x64
		{ABEF8D6D-7271-4E0E-A4FE-9CCD5DC4A37F}.Release|x86.ActiveCfg = Release|Win32
		{ABEF8D6D-7271-4E0E-A4FE-9CCD5DC4A37F}.Release|x86.Build.0 = Release|Win32
		{4F3DAE0B-AB17-4715-BC13-87C1F4FA0E7B}.Debug|x64.ActiveCfg = Debug|x64
		{4F3DAE0B-AB17-4715-BC13-87C1F4FA0E7B}.Debug|x64.Build.0 = Debug|x64
		{4F3DAE0B-AB17-4715-BC13-87C1F4FA0E7B}.Debug|x86.ActiveCfg = Debug|Win32
		{4F3DAE0B-AB17-4715-BC13-87C1F4FA0E7B}.Debug|x86.Build.0 = Debug|Win32
		{4F3DAE0B-AB17-4715-BC13-87C1F4FA0E7B}.Release|x64.ActiveCfg = Release|x64
		{4F3DAE0B-AB17-4715-BC13-87C1F4FA0E7B}.Release|x64.Build.0 = Release|x64
		{4F3DAE0B-AB17-4715-BC13-87C1F4FA0E7B}.Release|x86.ActiveCfg = Release|Win32
		{4F3DAE0B-AB17-4715-BC13-87C1F4FA0E7B}.Release|x86.Build.0 = Release|Win32
		{F0C42EF5-8829-4F44-B61E-329237E5526F}.Debug|x64.ActiveCfg = Debug|x64
		{F0C42EF5-8829-4F44-B61E-329237E5526F}.Debug|x64.Build.0 = Debug|x64
		{F0C42EF5-8829-4F44-B61E-329237E5526F}.Debug|x86.ActiveCfg = Debug|Win32
		{F0C42EF5-8829-4F44-B61E-329237E5526F}.Debug|x86.Build.0 = Debug|Win32
		{F0C42EF5-8829-4F44-B61E-329237E5526F}.Release|x64.ActiveCfg = Release|x64
		{F0C42EF5-8829-4F44-B61E-329237E5526F}.Release|x64.Build.0 = Release|x64
		{F0C42EF5-8829-4F44-B61E-329237E5526F}.Release|x86.ActiveCfg = Release|Win32
		{F0C42EF5-8829-4F44-B61E-329237E5526F}.Release|x86.Build.0 = Release|Win32
		{BC2992CE-DE68-4400-BB91-4E2EDE4BBA7E}.Debug|x64.ActiveCfg = Debug|x64
		{BC2992CE-DE68-4400-BB91-4E2EDE4BBA7E}.Debug|x64.Build.0 = Debug|x64
		{BC2992CE-DE68-4400-BB91-4E2EDE4BBA7E}.Debug|x86.ActiveCfg = Debug|Win32
		{BC2992CE-DE68-4400-BB91-4E2EDE4BBA7E}.Debug|x86.Build.0 = Debug|Win32
		{BC2992CE-DE68-4400-BB91-4E2EDE4BBA7E}.Release|x64.ActiveCfg = Release|x64
		{BC2992CE-DE68-4400-BB91-4E2EDE4BBA7E}.Release|x64.Build.0 = Release|x64
		{BC2992CE-DE68-4400-BB91-4E2EDE4BBA7E}.Release|x86.ActiveCfg = Release|Win32
		{BC2992CE-DE68-4400-BB91-4E2EDE4BBA7E}.Release|x86.Build.0 = Release|Win32
		{3BEE23E5-6449-4A83-8AD8-63478B3003C6}.Debug|x64.ActiveCfg = Debug|x64
		{3BEE23E5-6449-4A83-8AD8-63478B3003C6}.Debug|x64.Build.0 = Debug|x64
		{3BEE23E5-6449-4A83-8AD8-63478B3003C6}.Debug|x86.ActiveCfg = Debug|Win32
		{3BEE23E5-6449-4A83-8AD8-63478B3003C6}.Debug|x86.Build.0 = Debug|Win32
		{3BEE23E5-6449-4A83-8AD8-63478B3003C6}.Release|x64.ActiveCfg = Release|x64
		{3BEE23E5-6449-4A83-8AD8-63478B3003C6}.Release|x64.Build.0 = Release|x64
		{3BEE23E5-6449-4A83-8AD8-63478B3003C6}.Release|x86.ActiveCfg = Release|Win32
		{3BEE23E5-6449-4A83-8AD8-63478B3003C6}.Release|x86.Build.0 = Release|Win32
		{A1F19D5F-0A4E-4720-A848-2A448234B742}.Debug|x64.ActiveCfg = Debug|x64
		{A1F19D5F-0A4E-4720-A848-2A448234B742}.Debug|x64.Build.0 = Debug|x64
		{A1F19D5F-0A4E-4720-A848-2A448234B742}.Debug|x86.ActiveCfg = Debug|Win32
		{A1F19D5F-0A4E-4720-A848-2A448234B742}.Debug|x86.Build.0 = Debug|Win32
		{A1F19D5F-0A4E-4720-A848-2A448234B742}.Release|x64.ActiveCfg = Release|x64
		{A1F19D5F-0A4E-4720-A848-2A448234B742}.Release|x64.Build.0 = Release|x64
		{A1F19D5F-0A4E-4720-A848-2A448234B742}.Release|x86.ActiveCfg = Release|Win32
		{A1F19D5F-0A4E-4720-A848-2A448234B742}.Release|x86.Build.0 = Release|Win32
		{35158B9D-69C8-4FE8-9F2D-E5C6827388CB}.Debug|x64.ActiveCfg = Debug|x64
		{35158B9D-69C8-4FE8-9F2D-E5C6827388CB}.Debug|x64.Build.0 = Debug|x64
		{35158B9D-69C8-4FE8-9F2D-E5C6827388CB}.Debug|x86.ActiveCfg = Debug|Win32
		{35158B9D-69C8-4FE8-9F2D-E5C6827388CB}.Debug|x86.Build.0 = Debug|Win32
		{35158B9D-69C8-4FE8-9F2D-E5C6827388CB}.Release|x64.ActiveCfg = Release|x64
		{35158B9D-69C8-4FE8-9F2D-E5C6827388CB}.Release|x64.Build.0 = Release|x64
		{35158B9D-69C8-4FE8-9F2D-E5C6827388CB}.Release|x86.ActiveCfg = Release|Win32
		{35158B9D-69C8-4FE8-9F2D-E5C6827388CB}.Release|x86.Build.0 = Release|Win32
		{D8066F9A-22D1-471D-8B29-32D520C9DEFF}.Debug|x64.ActiveCfg = Debug|x64
		{D8066F9A-22D1-471D-8B29-32D520C9DEFF}.Debug|x64.Build.0 = Debug|x64
		{D8066F9A-22D1-471D-8B29-32D520C9DEFF}.Debug|x86.ActiveCfg = Debug|Win32
		{D8066F9A-22D1-471D-8B29-32D520C9DEFF}.Debug|x86.Build.0 = Debug|Win32
		{D8066F9A-22D1-471D-8B29-32D520C9DEFF}.Release|x64.ActiveCfg = Release|x64
		{D8066F9A-22D1-471D-8B29-32D520C9DEFF}.Release|x64.Build.0 = Release|x64
		{D8066F9A-22D1-471D-8B29-32D520C9DEFF}.Release|x86.ActiveCfg = Release|Win32
		{D8066F9A-22D1-471D-8B29-32D520C9DEFF}.Release|x86.Build.0 = Release|Win32
		{789DF2BB-8A1D-4B32-8413-E56DF09BD483}.Debug|x64.ActiveCfg = Debug|x64
		{789DF2BB-8A1D-4B32-8413-E56DF09BD483}.Debug|x64.Build.0 = Debug|x64
		{789DF2BB-8A1D-4B32-8413-E56DF09BD483}.Debug|x86.ActiveCfg = Debug|Win32
		{789DF2BB-8A1D-4B32-8413-E56DF09BD483}.Debug|x86.Build.0 = Debug|Win32
		{789DF2BB-8A1D-4B32-8413-E56DF09BD483}.Release|x64.ActiveCfg = Release|x64
		{789DF2BB-8A1D-4B32-8413-E56DF09BD483}.Release|x64.Build.0 = Release|x64
		{789DF2BB-8A1D-4B32-8413-E56DF09BD483}.Release|x86.ActiveCfg = Release|Win32
		{789DF2BB-8A1D-4B32-8413-E56DF09BD483}.Release|x86.Build.0 = Release|Win32
		{CCB4307A-4D4F-45E8-BE97-780A1495B590}.Debug|x64.ActiveCfg = Debug|x64
		{CCB4307A-4D4F-45E8-BE97-780A1495B590}.Debug|x64.Build.0 = Debug|x64
		{CCB4307A-4D4F-45E8-BE97-780A1495B590}.Debug|x86.ActiveCfg = Debug|Win32
		{CCB4307A-4D4F-45E8-BE97-780A1495B590}.Debug|x86.Build.0 = Debug|Win32
		{CCB4307A-4D4F-45E8-BE97-780A1495B590}.Release|x64.ActiveCfg = Release|x64
		{CCB4307A-4D4F-45E8-BE97-780A1495B590}.Release|x64.Build.0 = Release|x64
		{CCB4307A-4D4F-45E8-BE97-780A1495B590}.Release|x86.ActiveCfg = Release|Win32
		{CCB4307A-4D4F-45E8-BE97-780A1495B590}.Release|x86.Build.0 = Release|Win32
		{47397DF4-F32D-445D-9F4C-52E2EBA340E8}.Debug|x64.ActiveCfg = Debug|x64
		{47397DF4-F32D-445D-9F4C-52E2EBA340E8}.Debug|x64.Build.0 = Debug|x64
		{47397DF4-F32D-445D-9F4C-52E2EBA340E8}.Debug|x86.ActiveCfg = Debug|Win32
		{47397DF4-F32D-445D-9F4C-52E2EBA340E8}.Debug|x86.Build.0 = Debug|Win32
		{47397DF4-F32D-445D-9F4C-52E2EBA340E8}.Release|x64.ActiveCfg = Release|x64
		{47397DF4-F32D-445D-9F4C-52E2EBA340E8}.Release|x64.Build.0 = Release|x64
		{47397DF4-F32D-445D-9F4C-52E2EBA340E8}.Release|x86.ActiveCfg = Release|Win32
		{47397DF4-F32D-445D-9F4C-52E2EBA340E8}.Release|x86.Build.0 = Release|Win32
		{7DAB5734-BAA2-45D3-9838-FF73E4913C5E}.Debug|x64.ActiveCfg = Debug|x64
		{7DAB5734-BAA2-45D3-9838-FF73E4913C5E}.Debug|x64.Build.0 = Debug|x64
		{7DAB5734-BAA2-45D3-9838-FF73E4913C5E}.Debug|x86.ActiveCfg = Debug|Win32
		{7DAB5734-BAA2-45D3-9838-FF73E4913C5E}.Debug|x86.Build.0 = Debug|Win32
		{7DAB5734-BAA2-45D3-9838-FF73E4913C5E}.Release|x64.ActiveCfg = Release|x64
		{7DAB5734-BAA2-45D3-9838-FF73E4913C5E}.Release|x64.Build.0 = Release|x64
		{7DAB5734-BAA2-45D3-9838-FF73E4913C5E}.Release|x86.ActiveCfg = Release|Win32
		{7DAB5734-BAA2-45D3-9838-FF73E4913C5E}.Release|x86.Build.0 = Release|Win32
		{33B7BCF5-4ADC-463D-9BDE-C8A3728A343B}.Debug|x64.ActiveCfg = Debug|x64
		{33B7BCF5-4ADC-463D-9BDE-C8A3728A343B}.Debug|x64.Build.0 = Debug|x64
		{33B7BCF5-4ADC-463D-9BDE-C8A3728A343B}.Debug|x86.ActiveCfg = Debug|Win32
		{33B7BCF5-4ADC-463D-9BDE-C8A3728A343B}.Debug|x86.Build.0 = Debug|Win32
		{33B7BCF5-4ADC-463D-9BDE-C8A3728A343B}.Release|x64.ActiveCfg = Release|x64
		{33B7BCF5-4ADC-463D-9BDE-C8A3728A343B}.Release|x64.Build.0 = Release|x64
		{33B7BCF5-4ADC-463D-9BDE-C8A3728A343B}.Release|x86.ActiveCfg = Release|Win32
		{33B7BCF5-4ADC-463D-9BDE-C8A3728A343B}.Release|x86.Build.0 = Release|Win32
		{4C80C81A-7642-4DBA-8B17-5EAC5ED33C84}.Debug|x64.ActiveCfg = Debug|x64
		{4C80C81A-7642-4DBA-8B17-5EAC5ED33C84}.Debug|x64.Build.0 = Debug|x64
		{4C80C81A-7642-4DBA-8B17-5EAC5ED33C84}.Debug|x86.ActiveCfg = Debug|Win32
		{4C80C81A-7642-4DBA-8B17-5EAC5ED33C84}.Debug|x86.Build.0 = Debug|Win32
		{4C80C81A-7642-4DBA-8B17-5EAC5ED33C84}.Release|x64.ActiveCfg = Release|x64
		{4C80C81A-7642-4DBA-8B17-5EAC5ED33C84}.Release|x64.Build.0 = Release|x64
		{4C80C81A-7642-4DBA-8B17-5EAC5ED33C84}.Release|x86.ActiveCfg = Release|Win32
		{4C80C81A-7642-4DBA-8B17-5EAC5ED33C84}.Release|x86.Build.0 = Release|Win32
		{A713A742-DBFF-47FD-8C0E-261281849607}.Debug|x64.ActiveCfg = Debug|x64
		{A713A742-DBFF-47FD-8C0E-261281849607}.Debug|x64.Build.0 = Debug|x64
		{A713A742-DBFF-47FD-8C0E-261281849607}.Debug|x86.ActiveCfg = Debug|Win32
		{A713A742-DBFF-47FD-8C0E-261281849607}.Debug|x86.Build.0 = Debug|Win32
		{A713A742-DBFF-47FD-8C0E-261281849607}.Release|x64.ActiveCfg = Release|x64
		{A713A742-DBFF-47FD-8C0E-261281849607}.Release|x64.Build.0 = Release|x64
		{A713A742-DBFF-47FD-8C0E-261281849607}.Release|x86.ActiveCfg = Release|Win32
		{A713A742-DBFF-47FD-8C0E-261281849607}.Release|x86.Build.0 = Release|Win32
		{04E80E21-6407-41BA-ABE2-B96E13587BB5}.Debug|x64.ActiveCfg = Debug|x64
		{04E80E21-6407-41BA-ABE2-B96E13587BB5}.Debug|x64.Build.0 = Debug|x64
		{04E80E21-6407-41BA-ABE2-B96E13587BB5}.Debug|x86.ActiveCfg = Debug|Win32
		{04E80E21-6407-41BA-ABE2-B96E13587BB5}.Debug|x86.Build.0 = Debug|Win32
		{04E80E21-6407-41BA-ABE2-B96E13587BB5}.Release|x64.ActiveCfg = Release|x64
		{04E80E21-6407-41BA-ABE2-B96E13587BB5}.Release|x64.Build.0 = Release|x64
		{04E80E21-6407-41BA-ABE2-B96E13587BB5}.Release|x86.ActiveCfg = Release|Win32
		{04E80E21-6407-41BA-ABE2-B96E13587BB5}.Release|x86.Build.0 = Release|Win32
		{E169761B-DC40-4525-B652-E6F17126F735}.Debug|x64.ActiveCfg = Debug|x64
		{E169761B-DC40-4525-B652-E6F17126F735}.Debug|x64.Build.0 = Debug|x64
		{E169761B-DC40-4525-B652-E6F17126F735}.Debug|x86.ActiveCfg = Debug|Win32
		{E169761B-DC40-4525-B652-E6F17126F735}.Debug|x86.Build.0 = Debug|Win32
		{E169761B-DC40-4525-B652-E6F17126F735}.Release|x64.ActiveCfg = Release|x64
		{E169761B-DC40-4525-B652-E6F17126F735}.Release|x64.Build.0 = Release|x64
		{E169761B-DC40-4525-B652-E6F17126F735}.Release|x86.ActiveCfg = Release|Win32
		{E169761B-DC40-4525-B652-E6F17126F735}.Release|x86.Build.0 = Release|Win32
		{7B60C394-63D3-4BE1-9C32-42D939058C4F}.Debug|x64.ActiveCfg = Debug|x64
		{7B60C394-63D3-4BE1-9C32-42D939058C4F}.Debug|x64.Build.0 = Debug|x64
		{7B60C394-63D3-4BE1-9C32-42D939058C4F}.Debug|x86.ActiveCfg = Debug|Win32
		{7B60C394-63D3-4BE1-9C32-42D939058C4F}.Debug|x86.Build.0 = Debug|Win32
		{7B60C394-63D3-4BE1-9C32-42D939058C4F}.Release|x64.ActiveCfg = Release|x64
		{7B60C394-63D3-4BE1-9C32-42D939058C4F}.Release|x64.Build.0 = Release|x64
		{7B60C394-63D3-4BE1-9C32-42D939058C4F}.Release|x86.ActiveCfg = Release|Win32
		{7B60C394-63D3-4BE1-9C32-42D939058C4F}.Release|x86.Build.0 = Release|Win32
		{6393CD16-6E92-4FC4-BC34-4D76355BF774}.Debug|x64.ActiveCfg = Debug|x64
		{6393CD16-6E92-4FC4-BC34-4D76355BF774}.Debug|x64.Build.0 = Debug|x64
		{6393CD16-6E92-4FC4-BC34-4D76355BF774}.Debug|x86.ActiveCfg = Debug|Win32
		{6393CD16-6E92-4FC4-BC34-4D76355BF774}.Debug|x86.Build.0 = Debug|Win32
		{6393CD16-6E92-4FC4-BC34-4D76355BF774}.Release|x64.ActiveCfg = Release|x64
		{6393CD16-6E92-4FC4-BC34-4D76355BF774}.Release|x64.Build.0 = Release|x64
		{6393CD16-6E92-4FC4-BC34-4D76355BF774}.Release|x86.ActiveCfg = Release|Win32
		{6393CD16-6E92-4FC4-BC34-4D76355BF774}.Release|x86.Build.0 = Release|Win32
		{62E304E4-CE3B-4B5C-8C9F-E396767DE460}.Debug|x64.ActiveCfg = Debug|x64
		{62E304E4-CE3B-4B5C-8C9F-E396767DE460}.Debug|x64.Build.0 = Debug|x64
		{62E304E4-CE3B-4B5C-8C9F-E396767DE460}.Debug|x86.ActiveCfg = Debug|Win32
		{62E304E4-CE3B-4B5C-8C9F-E396767DE460}.Debug|x86.Build.0 = Debug|Win32
		{62E304E4-CE3B-4B5C-8C9F-E396767DE460}.Release|x64.ActiveCfg = Release|x64
		{62E304E4-CE3B-4B5C-8C9F-E396767DE460}.Release|x64.Build.0 = Release|x64
		{62E304E4-CE3B-4B5C-8C9F-E396767DE460}.Release|x86.ActiveCfg = Release|Win32
		{62E304E4-CE3B-4B5C-8C9F-E396767DE460}.Release|x86.Build.0 = Release|Win32
		{BBAEB5A7-BD17-44D1-BD85-1CE3E0BEEB61}.Debug|x64.ActiveCfg = Debug|x64
		{BBAEB5A7-BD17-44D1-BD85-1CE3E0BEEB61}.Debug|x64.Build.0 = Debug|x64
		{BBAEB5A7-BD17-44D1-BD85-1CE3E0BEEB61}.Debug|x86.ActiveCfg = Debug|Win32
		{BBAEB5A7-BD17-44D1-BD85-1CE3E0BEEB61}.Debug|x86.Build.0 = Debug|Win32
		{BBAEB5A7-BD17-44D1-BD85-1CE3E0BEEB61}.Release|x64.ActiveCfg = Release|x64
		{BBAEB5A7-BD17-44D1-BD85-1CE3E0BEEB61}.Release|x64.Build.0 = Release|x64
		{BBAEB5A7-BD17-44D1-BD85-1CE3E0BEEB61}.Release|x86.ActiveCfg = Release|Win32
		{BBAEB5A7-BD17-44D1-BD85-1CE3E0BEEB61}.Release|x86.Build.0 = Release|Win32
		{5F449546-A0CA-43FA-BAF7-3C2FC25E43B1}.Debug|x64.ActiveCfg = Debug|x64
		{5F449546-A0CA-43FA-BAF7-3C2FC25E43B1}.Debug|x64.Build.0 = Debug|x64
		{5F449546-A0CA-43FA-BAF7-3C2FC25E43B1}.Debug|x86.ActiveCfg = Debug|Win32
		{5F449546-A0CA-43FA-BAF7-3C2FC25E43B1}.Debug|x86.Build.0 = Debug|Win32
		{5F449546-A0CA-43FA-BAF7-3C2FC25E43B1}.Release|x64.ActiveCfg = Release|x64
		{5F449546-A0CA-43FA-BAF7-3C2FC25E43B1}.Release|x64.Build.0 = Release|x64
		{5F449546-A0CA-43FA-BAF7-3C2FC25E43B1}.Release|x86.ActiveCfg = Release|Win32
		{5F449546-A0CA-43FA-BAF7-3C2FC25E43B1}.Release|x86.Build.0 = Release|Win32
	EndGlobalSection
	GlobalSection(SolutionProperties) = preSolution
		HideSolutionNode = FALSE
	EndGlobalSection
	GlobalSection(ExtensibilityGlobals) = postSolution
		SolutionGuid = {F02240BA-8501-44E6-B8A0-53D58EE77FD9}
	EndGlobalSection
EndGlobal
